
Microsoft Visual Studio Solution File, Format Version 12.00
# Visual Studio Version 16
VisualStudioVersion = 16.0.31624.102
MinimumVisualStudioVersion = 10.0.40219.1
Project("{9A19103F-16F7-4668-BE54-9A1E7A4F7556}") = "PushNsender", "PushNsender.csproj", "{BE9ECDC6-B36A-42F4-936B-E7A2ACBC948C}"
EndProject
Project("{FAE04EC0-301F-11D3-BF4B-00C04F79EFBC}") = "Pushnotification", "..\Pushnotification\Pushnotification.csproj", "{6B6D263E-EEB9-4BB3-93B3-312AD8F93631}"
EndProject
Global
	GlobalSection(SolutionConfigurationPlatforms) = preSolution
		Debug|Any CPU = Debug|Any CPU
		Release|Any CPU = Release|Any CPU
	EndGlobalSection
	GlobalSection(ProjectConfigurationPlatforms) = postSolution
		{BE9ECDC6-B36A-42F4-936B-E7A2ACBC948C}.Debug|Any CPU.ActiveCfg = Debug|Any CPU
		{BE9ECDC6-B36A-42F4-936B-E7A2ACBC948C}.Debug|Any CPU.Build.0 = Debug|Any CPU
		{BE9ECDC6-B36A-42F4-936B-E7A2ACBC948C}.Release|Any CPU.ActiveCfg = Release|Any CPU
		{BE9ECDC6-B36A-42F4-936B-E7A2ACBC948C}.Release|Any CPU.Build.0 = Release|Any CPU
		{6B6D263E-EEB9-4BB3-93B3-312AD8F93631}.Debug|Any CPU.ActiveCfg = Debug|Any CPU
		{6B6D263E-EEB9-4BB3-93B3-312AD8F93631}.Debug|Any CPU.Build.0 = Debug|Any CPU
		{6B6D263E-EEB9-4BB3-93B3-312AD8F93631}.Release|Any CPU.ActiveCfg = Release|Any CPU
		{6B6D263E-EEB9-4BB3-93B3-312AD8F93631}.Release|Any CPU.Build.0 = Release|Any CPU
	EndGlobalSection
	GlobalSection(SolutionProperties) = preSolution
		HideSolutionNode = FALSE
	EndGlobalSection
	GlobalSection(ExtensibilityGlobals) = postSolution
		SolutionGuid = {308BCE5A-A64E-4076-BB33-AC713D4F767B}
	EndGlobalSection
EndGlobal
